# This file is automatically @generated by Poetry 1.6.1 and should not be changed by hand.

[[package]]
name = "pymupdf"
version = "1.25.3"
description = "A high performance Python library for data extraction, analysis, conversion & manipulation of PDF (and other) documents."
optional = false
python-versions = ">=3.9"
files = [
    {file = "pymupdf-1.25.3-cp39-abi3-macosx_10_9_x86_64.whl", hash = "sha256:96878e1b748f9c2011aecb2028c5f96b5a347a9a91169130ad0133053d97915e"},
    {file = "pymupdf-1.25.3-cp39-abi3-macosx_11_0_arm64.whl", hash = "sha256:6ef753005b72ebfd23470f72f7e30f61e21b0b5e748045ec5b8f89e6e3068d62"},
    {file = "pymupdf-1.25.3-cp39-abi3-manylinux2014_x86_64.manylinux_2_17_x86_64.whl", hash = "sha256:46d90c4f9e62d1856e8db4b9f04a202ff4a7f086a816af73abdc86adb7f5e25a"},
    {file = "pymupdf-1.25.3-cp39-abi3-musllinux_1_2_x86_64.whl", hash = "sha256:a5de51efdbe4d486b6c1111c84e8a231cbfb426f3d6ff31ab530ad70e6f39756"},
    {file = "pymupdf-1.25.3-cp39-abi3-win32.whl", hash = "sha256:bca72e6089f985d800596e22973f79cc08af6cbff1d93e5bda9248326a03857c"},
    {file = "pymupdf-1.25.3-cp39-abi3-win_amd64.whl", hash = "sha256:4fb357438c9129fbf939b5af85323434df64e36759c399c376b62ad6da95498c"},
    {file = "pymupdf-1.25.3.tar.gz", hash = "sha256:b640187c64c5ac5d97505a92e836da299da79c2f689f3f94a67a37a493492193"},
]

[metadata]
lock-version = "2.0"
python-versions = "^3.11"
content-hash = "ac2a804863c09d1b4912cbef34086e6daacdadba00ac1b68c395a792e7bd1e97"
